
Microsoft Visual Studio Solution File, Format Version 12.00
# Visual Studio Version 17
VisualStudioVersion = 17.11.35303.130
MinimumVisualStudioVersion = 10.0.40219.1
Project("{FAE04EC0-301F-11D3-BF4B-00C04F79EFBC}") = "Diamond", "Diamond\Diamond.csproj", "{39B1D3CA-61C2-4BE9-94BA-6F9897C085EF}"
EndProject
Global
	GlobalSection(SolutionConfigurationPlatforms) = preSolution
		Debug|Any CPU = Debug|Any CPU
		Release|Any CPU = Release|Any CPU
	EndGlobalSection
	GlobalSection(ProjectConfigurationPlatforms) = postSolution
		{39B1D3CA-61C2-4BE9-94BA-6F9897C085EF}.Debug|Any CPU.ActiveCfg = Debug|Any CPU
		{39B1D3CA-61C2-4BE9-94BA-6F9897C085EF}.Debug|Any CPU.Build.0 = Debug|Any CPU
		{39B1D3CA-61C2-4BE9-94BA-6F9897C085EF}.Release|Any CPU.ActiveCfg = Release|Any CPU
		{39B1D3CA-61C2-4BE9-94BA-6F9897C085EF}.Release|Any CPU.Build.0 = Release|Any CPU
	EndGlobalSection
	GlobalSection(SolutionProperties) = preSolution
		HideSolutionNode = FALSE
	EndGlobalSection
	GlobalSection(ExtensibilityGlobals) = postSolution
		SolutionGuid = {5450EC49-227D-49C3-AB4B-0C08B1A1F273}
	EndGlobalSection
EndGlobal
